<?xml version="1.0" encoding="utf-8"?>
<Project ToolsVersion="4.0" xmlns:atg="http://atg.xbox.com" xmlns="http://schemas.microsoft.com/developer/msbuild/2003">
  <ItemGroup>
    <Filter Include="Util">
      <UniqueIdentifier>{97b71a9d-ee3a-4bd2-a352-2e339221d638}</UniqueIdentifier>
    </Filter>
    <Filter Include="Util\Shaders">
      <UniqueIdentifier>{2c3d4c8c-5d1a-459a-a05a-a4e4b608a44e}</UniqueIdentifier>
      <Extensions>fx;fxh;hlsl</Extensions>
    </Filter>
    <Filter Include="Util\Resource Files">
      <UniqueIdentifier>{8e114980-c1a3-4ada-ad7c-83caadf5daeb}</UniqueIdentifier>
      <Extensions>rc;ico;cur;bmp;dlg;rc2;rct;bin;rgs;gif;jpg;jpeg;jpe</Extensions>
    </Filter>
    <Filter Include="Util\DXUT">
      <UniqueIdentifier>{a43c5c25-0e86-4a20-b64a-883785ff74fd}</UniqueIdentifier>
    </Filter>
    <Filter Include="Main">
      <UniqueIdentifier>{fba194ec-8970-44d9-8e49-b9158fb40b92}</UniqueIdentifier>
    </Filter>
    <Filter Include="Main\mainProc">
      <UniqueIdentifier>{49169ae5-8159-4e8a-994e-2fc452ec2c1f}</UniqueIdentifier>
    </Filter>
    <Filter Include="Core">
      <UniqueIdentifier>{55b67a38-2f1c-47f3-a2ea-a5c1141b8953}</UniqueIdentifier>
    </Filter>
    <Filter Include="Core\Manager">
      <UniqueIdentifier>{beee9704-c0be-4ada-97d8-34a62633c53d}</UniqueIdentifier>
    </Filter>
    <Filter Include="Core\Manager\scene">
      <UniqueIdentifier>{9b98ac23-5a00-44ae-9a65-a7379ae9122c}</UniqueIdentifier>
    </Filter>
    <Filter Include="Core\Manager\input">
      <UniqueIdentifier>{943b9521-27c4-4829-b4f0-c21bba42fd57}</UniqueIdentifier>
    </Filter>
    <Filter Include="Core\Manager\image">
      <UniqueIdentifier>{0d27e384-98e8-4bdf-a6bd-4243ce7eb204}</UniqueIdentifier>
    </Filter>
    <Filter Include="Core\Manager\sound">
      <UniqueIdentifier>{ce4752a8-c1a7-4902-9000-64efdb8b8463}</UniqueIdentifier>
    </Filter>
    <Filter Include="Core\Object">
      <UniqueIdentifier>{44049806-f9e7-46bd-9bfe-f2cd25251241}</UniqueIdentifier>
    </Filter>
    <Filter Include="Core\Manager\image\texture">
      <UniqueIdentifier>{bfdb6a0b-569f-434f-a87c-0a56d91d004b}</UniqueIdentifier>
    </Filter>
    <Filter Include="Core\Manager\image\texture\multi">
      <UniqueIdentifier>{63b9e0f7-e34a-4ae0-828b-42c11bac9069}</UniqueIdentifier>
    </Filter>
    <Filter Include="Core\Manager\image\texture\text">
      <UniqueIdentifier>{ff76932e-11d8-437f-9cde-b772c72ee1a4}</UniqueIdentifier>
    </Filter>
    <Filter Include="Core\Manager\font">
      <UniqueIdentifier>{ab45a326-c368-437e-9835-308cfa78b978}</UniqueIdentifier>
    </Filter>
    <Filter Include="Core\Object\timer">
      <UniqueIdentifier>{a66cc1fa-6892-48c0-9bed-158d23f9d3b7}</UniqueIdentifier>
    </Filter>
    <Filter Include="Core\Object\animation">
      <UniqueIdentifier>{86c0edfb-1973-475d-bef8-866688b5bca6}</UniqueIdentifier>
    </Filter>
    <Filter Include="Core\Manager\camera">
      <UniqueIdentifier>{a0112fa4-7a82-4c83-8f2d-2da7a24be89d}</UniqueIdentifier>
    </Filter>
    <Filter Include="Core\Object\effect">
      <UniqueIdentifier>{2671be46-b048-4bad-b045-e8c55a8009fe}</UniqueIdentifier>
    </Filter>
    <Filter Include="Core\scene">
      <UniqueIdentifier>{f42103b9-41db-4477-bb7d-6fd07a33d7da}</UniqueIdentifier>
    </Filter>
    <Filter Include="Core\scene\load">
      <UniqueIdentifier>{e3dfc51a-eedf-4d65-afd1-76aaee5ffe90}</UniqueIdentifier>
    </Filter>
    <Filter Include="Core\scene\title">
      <UniqueIdentifier>{95bc5e67-401b-4779-abc0-2f421de11339}</UniqueIdentifier>
    </Filter>
    <Filter Include="Core\scene\ingame">
      <UniqueIdentifier>{460f6e8c-6c29-4055-a0f7-6eeec9cd79cc}</UniqueIdentifier>
    </Filter>
    <Filter Include="Core\scene\ingame\stageOne">
      <UniqueIdentifier>{fab34043-794b-499d-8d19-0387434d05e0}</UniqueIdentifier>
    </Filter>
    <Filter Include="Core\Manager\image\image">
      <UniqueIdentifier>{288bef23-e195-4d7d-93c3-623f142676e4}</UniqueIdentifier>
    </Filter>
    <Filter Include="Core\Object\scrool">
      <UniqueIdentifier>{f97130c1-95dd-48ff-8ec2-58d2cbff4154}</UniqueIdentifier>
    </Filter>
    <Filter Include="Core\Manager\game">
      <UniqueIdentifier>{71da3270-b0bd-4647-bfc6-f582f479ad77}</UniqueIdentifier>
    </Filter>
    <Filter Include="Core\Manager\effect">
      <UniqueIdentifier>{86d58b48-8d42-4030-82aa-af5910dd5f3b}</UniqueIdentifier>
    </Filter>
    <Filter Include="Core\Manager\object">
      <UniqueIdentifier>{773125d1-e3f1-4141-a8fc-82550cfbfd1a}</UniqueIdentifier>
    </Filter>
    <Filter Include="stdafx">
      <UniqueIdentifier>{45984ec9-746b-42ce-8475-13c4322c03aa}</UniqueIdentifier>
    </Filter>
    <Filter Include="Core\Object\player">
      <UniqueIdentifier>{d2535072-ea84-415e-84cc-7cc9c70fa624}</UniqueIdentifier>
    </Filter>
    <Filter Include="Core\Object\bullet">
      <UniqueIdentifier>{5a7f77d6-44bf-4dce-8d53-e567a679b058}</UniqueIdentifier>
    </Filter>
    <Filter Include="Core\Object\enemy">
      <UniqueIdentifier>{d58da736-1f97-43a0-9b0c-227e23fbda2f}</UniqueIdentifier>
    </Filter>
    <Filter Include="Core\Object\bullet\manager">
      <UniqueIdentifier>{26d495d4-c65d-44a8-8585-a0c65a255e52}</UniqueIdentifier>
    </Filter>
    <Filter Include="Core\Object\bullet\bullet">
      <UniqueIdentifier>{f01303a5-eec4-4209-bc1f-ace03d20bc86}</UniqueIdentifier>
    </Filter>
    <Filter Include="Core\Object\enemy\manager">
      <UniqueIdentifier>{90f8043f-cad9-4389-a232-dfd1464f9a01}</UniqueIdentifier>
    </Filter>
    <Filter Include="Core\Manager\ui">
      <UniqueIdentifier>{df4a891f-c66b-4de7-9c9e-19569320c532}</UniqueIdentifier>
    </Filter>
    <Filter Include="Core\Object\item">
      <UniqueIdentifier>{42e6f356-f602-4391-8830-f03a84376d47}</UniqueIdentifier>
    </Filter>
    <Filter Include="Core\Manager\ui\ui">
      <UniqueIdentifier>{2e319438-1447-4af8-8026-92f75d8cc3b4}</UniqueIdentifier>
    </Filter>
    <Filter Include="Core\Manager\ui\ingameUI">
      <UniqueIdentifier>{3ff665f9-78ce-4a6a-a233-f23917acc95a}</UniqueIdentifier>
    </Filter>
    <Filter Include="Core\Manager\ui\manager">
      <UniqueIdentifier>{62a7b4a9-356b-4087-a771-c136f18afb62}</UniqueIdentifier>
    </Filter>
    <Filter Include="Core\scene\ingame\stageTwo">
      <UniqueIdentifier>{ea3cd91c-0205-441c-ba4d-83003d037c59}</UniqueIdentifier>
    </Filter>
    <Filter Include="Core\Object\_object">
      <UniqueIdentifier>{fc55c11d-bd2a-40f6-b6cc-070556aeb590}</UniqueIdentifier>
    </Filter>
    <Filter Include="Core\scene\_scene">
      <UniqueIdentifier>{773e8fe8-08e4-4848-83c5-a980b8bd5e13}</UniqueIdentifier>
    </Filter>
    <Filter Include="Core\Manager\_singleton">
      <UniqueIdentifier>{5df27599-4636-4a64-a8e2-075ab169a99b}</UniqueIdentifier>
    </Filter>
    <Filter Include="Core\Object\enemy\_enemy">
      <UniqueIdentifier>{a720cf01-3ecd-43a3-8932-08d7e009b648}</UniqueIdentifier>
    </Filter>
    <Filter Include="stdafx\math">
      <UniqueIdentifier>{00bdaae7-40c3-4741-9628-645a12fe7576}</UniqueIdentifier>
    </Filter>
    <Filter Include="stdafx\collision">
      <UniqueIdentifier>{9386d175-41af-4f6a-bec2-4855e40835c0}</UniqueIdentifier>
    </Filter>
    <Filter Include="Core\scene\gameOver">
      <UniqueIdentifier>{5203bb04-e78d-4602-a8e0-213238a2a999}</UniqueIdentifier>
    </Filter>
    <Filter Include="Core\Manager\ui\titleUI">
      <UniqueIdentifier>{60fbf3de-dc2d-4e26-8324-19b4e053567c}</UniqueIdentifier>
    </Filter>
    <Filter Include="Core\Object\button">
      <UniqueIdentifier>{78302711-86f4-4b79-b051-156c092d02d9}</UniqueIdentifier>
    </Filter>
    <Filter Include="Core\scene\help">
      <UniqueIdentifier>{7d63bd96-1d63-4e7a-97fa-48eb40818791}</UniqueIdentifier>
    </Filter>
    <Filter Include="Core\scene\rank">
      <UniqueIdentifier>{1fc97bb8-1ffc-409b-a4f4-f403b6baf2e1}</UniqueIdentifier>
    </Filter>
    <Filter Include="Core\Object\path">
      <UniqueIdentifier>{9ec3c533-5f74-479d-9b73-c5e291e566ea}</UniqueIdentifier>
    </Filter>
    <Filter Include="Core\Object\enemy\_0straight">
      <UniqueIdentifier>{690d3a6a-30e2-4aa7-88a9-8a502ff05362}</UniqueIdentifier>
    </Filter>
    <Filter Include="Core\Object\enemy\_1razer">
      <UniqueIdentifier>{6500f9a0-cd56-48fc-bd9b-110cf4db7c49}</UniqueIdentifier>
    </Filter>
    <Filter Include="Core\Object\enemy\_2radial">
      <UniqueIdentifier>{421de88a-41af-463c-b139-f2947e02ccd1}</UniqueIdentifier>
    </Filter>
    <Filter Include="Core\Object\enemy\_3rotate">
      <UniqueIdentifier>{c7cf6b90-b81f-4920-a724-2c2164d66362}</UniqueIdentifier>
    </Filter>
    <Filter Include="Core\Object\enemy\_4meteor">
      <UniqueIdentifier>{66e490e8-4689-46ab-b01a-e26a7cbfd375}</UniqueIdentifier>
    </Filter>
    <Filter Include="Core\Object\enemy\_5midboss">
      <UniqueIdentifier>{430a8258-ca9f-4163-b370-e242037f1ff5}</UniqueIdentifier>
    </Filter>
    <Filter Include="Core\Object\enemy\_6boss">
      <UniqueIdentifier>{5b47427b-51ef-4f3c-ae2c-d288bfde1e6e}</UniqueIdentifier>
    </Filter>
    <Filter Include="Core\Object\item\manager">
      <UniqueIdentifier>{215c7421-bbe8-4aac-b9c0-4c2cd7d16818}</UniqueIdentifier>
    </Filter>
    <Filter Include="Core\Object\item\item">
      <UniqueIdentifier>{c6bff0a5-c06a-4d94-a828-2a363ed6c5b7}</UniqueIdentifier>
    </Filter>
  </ItemGroup>
  <ItemGroup>
    <None Include="DXUT\Optional\directx.ico">
      <Filter>Util\Resource Files</Filter>
    </None>
    <ClInclude Include="DXUT\Core\DXUT.h">
      <Filter>Util\DXUT</Filter>
    </ClInclude>
    <ClInclude Include="DXUT\Core\DXUTenum.h">
      <Filter>Util\DXUT</Filter>
    </ClInclude>
    <ClInclude Include="DXUT\Core\DXUTmisc.h">
      <Filter>Util\DXUT</Filter>
    </ClInclude>
    <ClCompile Include="DXUT\Core\DXUT.cpp">
      <Filter>Util\DXUT</Filter>
    </ClCompile>
    <ClCompile Include="DXUT\Core\DXUTenum.cpp">
      <Filter>Util\DXUT</Filter>
    </ClCompile>
    <ClCompile Include="DXUT\Core\DXUTmisc.cpp">
      <Filter>Util\DXUT</Filter>
    </ClCompile>
    <ClInclude Include="DXUT\Optional\DXUTcamera.h">
      <Filter>Util\DXUT</Filter>
    </ClInclude>
    <ClInclude Include="DXUT\Optional\DXUTgui.h">
      <Filter>Util\DXUT</Filter>
    </ClInclude>
    <ClInclude Include="DXUT\Optional\DXUTres.h">
      <Filter>Util\DXUT</Filter>
    </ClInclude>
    <ClInclude Include="DXUT\Optional\DXUTsettingsdlg.h">
      <Filter>Util\DXUT</Filter>
    </ClInclude>
    <ClInclude Include="DXUT\Optional\SDKmesh.h">
      <Filter>Util\DXUT</Filter>
    </ClInclude>
    <ClInclude Include="DXUT\Optional\SDKmisc.h">
      <Filter>Util\DXUT</Filter>
    </ClInclude>
    <ClCompile Include="DXUT\Optional\DXUTcamera.cpp">
      <Filter>Util\DXUT</Filter>
    </ClCompile>
    <ClCompile Include="DXUT\Optional\DXUTgui.cpp">
      <Filter>Util\DXUT</Filter>
    </ClCompile>
    <ClCompile Include="DXUT\Optional\DXUTres.cpp">
      <Filter>Util\DXUT</Filter>
    </ClCompile>
    <ClCompile Include="DXUT\Optional\DXUTsettingsdlg.cpp">
      <Filter>Util\DXUT</Filter>
    </ClCompile>
    <ClCompile Include="DXUT\Optional\SDKmesh.cpp">
      <Filter>Util\DXUT</Filter>
    </ClCompile>
    <ClCompile Include="DXUT\Optional\SDKmisc.cpp">
      <Filter>Util\DXUT</Filter>
    </ClCompile>
  </ItemGroup>
  <ItemGroup>
    <ClCompile Include="skill.cpp">
      <Filter>Main</Filter>
    </ClCompile>
    <ClCompile Include="cMainProc.cpp">
      <Filter>Main\mainProc</Filter>
    </ClCompile>
    <ClCompile Include="stdafx.cpp">
      <Filter>stdafx</Filter>
    </ClCompile>
    <ClCompile Include="DXUT\Optional\SDKsound.cpp">
      <Filter>Util\DXUT</Filter>
    </ClCompile>
    <ClCompile Include="cSceneManager.cpp">
      <Filter>Core\Manager\scene</Filter>
    </ClCompile>
    <ClCompile Include="cScene.cpp">
      <Filter>Core\scene\_scene</Filter>
    </ClCompile>
    <ClCompile Include="cImageManager.cpp">
      <Filter>Core\Manager\image</Filter>
    </ClCompile>
    <ClCompile Include="cTexture.cpp">
      <Filter>Core\Manager\image\texture\text</Filter>
    </ClCompile>
    <ClCompile Include="cMultiTexture.cpp">
      <Filter>Core\Manager\image\texture\multi</Filter>
    </ClCompile>
    <ClCompile Include="DXUT\Optional\SDKwavefile.cpp">
      <Filter>Util\DXUT</Filter>
    </ClCompile>
    <ClCompile Include="cSoundManager.cpp">
      <Filter>Core\Manager\sound</Filter>
    </ClCompile>
    <ClCompile Include="cInputManager.cpp">
      <Filter>Core\Manager\input</Filter>
    </ClCompile>
    <ClCompile Include="cFontManager.cpp">
      <Filter>Core\Manager\font</Filter>
    </ClCompile>
    <ClCompile Include="cTimer.cpp">
      <Filter>Core\Object\timer</Filter>
    </ClCompile>
    <ClCompile Include="cAnimation.cpp">
      <Filter>Core\Object\animation</Filter>
    </ClCompile>
    <ClCompile Include="cCameraManager.cpp">
      <Filter>Core\Manager\camera</Filter>
    </ClCompile>
    <ClCompile Include="cEffect.cpp">
      <Filter>Core\Object\effect</Filter>
    </ClCompile>
    <ClCompile Include="cLoadScene.cpp">
      <Filter>Core\scene\load</Filter>
    </ClCompile>
    <ClCompile Include="cTitleScene.cpp">
      <Filter>Core\scene\title</Filter>
    </ClCompile>
    <ClCompile Include="cStageOne.cpp">
      <Filter>Core\scene\ingame\stageOne</Filter>
    </ClCompile>
    <ClCompile Include="cImage.cpp">
      <Filter>Core\Manager\image\image</Filter>
    </ClCompile>
    <ClCompile Include="cScroolMap.cpp">
      <Filter>Core\Object\scrool</Filter>
    </ClCompile>
    <ClCompile Include="cGameManager.cpp">
      <Filter>Core\Manager\game</Filter>
    </ClCompile>
    <ClCompile Include="cEffectManager.cpp">
      <Filter>Core\Manager\effect</Filter>
    </ClCompile>
    <ClCompile Include="cObjectManager.cpp">
      <Filter>Core\Manager\object</Filter>
    </ClCompile>
    <ClCompile Include="cObject.cpp">
      <Filter>Core\Object\_object</Filter>
    </ClCompile>
    <ClCompile Include="cPlayer.cpp">
      <Filter>Core\Object\player</Filter>
    </ClCompile>
    <ClCompile Include="cBulletManager.cpp">
      <Filter>Core\Object\bullet\manager</Filter>
    </ClCompile>
    <ClCompile Include="cBullet.cpp">
      <Filter>Core\Object\bullet\bullet</Filter>
    </ClCompile>
    <ClCompile Include="cUI.cpp">
      <Filter>Core\Manager\ui\ui</Filter>
    </ClCompile>
    <ClCompile Include="cIngameUI.cpp">
      <Filter>Core\Manager\ui\ingameUI</Filter>
    </ClCompile>
    <ClCompile Include="cUIManager.cpp">
      <Filter>Core\Manager\ui\manager</Filter>
    </ClCompile>
    <ClCompile Include="cEnemyManager.cpp">
      <Filter>Core\Object\enemy\manager</Filter>
    </ClCompile>
    <ClCompile Include="cEnemy.cpp">
      <Filter>Core\Object\enemy\_enemy</Filter>
    </ClCompile>
    <ClCompile Include="cMeteor.cpp">
      <Filter>Core\Object\enemy\_4meteor</Filter>
    </ClCompile>
    <ClCompile Include="math.cpp">
      <Filter>stdafx\math</Filter>
    </ClCompile>
    <ClCompile Include="collision.cpp">
      <Filter>stdafx\collision</Filter>
    </ClCompile>
    <ClCompile Include="cGameOverScene.cpp">
      <Filter>Core\scene\gameOver</Filter>
    </ClCompile>
    <ClCompile Include="cTitleUI.cpp">
      <Filter>Core\Manager\ui\titleUI</Filter>
    </ClCompile>
    <ClCompile Include="cButton.cpp">
      <Filter>Core\Object\button</Filter>
    </ClCompile>
    <ClCompile Include="cPath.cpp">
      <Filter>Core\Object\path</Filter>
    </ClCompile>
    <ClCompile Include="cRazer.cpp">
      <Filter>Core\Object\enemy\_1razer</Filter>
    </ClCompile>
    <ClCompile Include="cStraight.cpp">
      <Filter>Core\Object\enemy\_0straight</Filter>
    </ClCompile>
    <ClCompile Include="cRadial.cpp">
      <Filter>Core\Object\enemy\_2radial</Filter>
    </ClCompile>
    <ClCompile Include="cRotate.cpp">
      <Filter>Core\Object\enemy\_3rotate</Filter>
    </ClCompile>
    <ClCompile Include="cItem.cpp">
      <Filter>Core\Object\item\item</Filter>
    </ClCompile>
    <ClCompile Include="cItemManager.cpp">
      <Filter>Core\Object\item\manager</Filter>
    </ClCompile>
  </ItemGroup>
  <ItemGroup>
    <CLInclude Include="resource.h">
      <Filter>Util\Resource Files</Filter>
    </CLInclude>
    <ResourceCompile Include="skill.rc">
      <Filter>Util\Resource Files</Filter>
    </ResourceCompile>
    <ClInclude Include="cMainProc.h">
      <Filter>Main\mainProc</Filter>
    </ClInclude>
    <ClInclude Include="stdafx.h">
      <Filter>stdafx</Filter>
    </ClInclude>
    <ClInclude Include="DXUT\Optional\SDKsound.h">
      <Filter>Util\DXUT</Filter>
    </ClInclude>
    <ClInclude Include="cSingleton.hpp">
      <Filter>Core\Manager\_singleton</Filter>
    </ClInclude>
    <ClInclude Include="cSceneManager.h">
      <Filter>Core\Manager\scene</Filter>
    </ClInclude>
    <ClInclude Include="cScene.h">
      <Filter>Core\scene\_scene</Filter>
    </ClInclude>
    <ClInclude Include="cImageManager.h">
      <Filter>Core\Manager\image</Filter>
    </ClInclude>
    <ClInclude Include="cTexture.h">
      <Filter>Core\Manager\image\texture\text</Filter>
    </ClInclude>
    <ClInclude Include="cMultiTexture.h">
      <Filter>Core\Manager\image\texture\multi</Filter>
    </ClInclude>
    <ClInclude Include="DXUT\Optional\SDKwavefile.h">
      <Filter>Util\DXUT</Filter>
    </ClInclude>
    <ClInclude Include="cSoundManager.h">
      <Filter>Core\Manager\sound</Filter>
    </ClInclude>
    <ClInclude Include="cInputManager.h">
      <Filter>Core\Manager\input</Filter>
    </ClInclude>
    <ClInclude Include="cFontManager.h">
      <Filter>Core\Manager\font</Filter>
    </ClInclude>
    <ClInclude Include="cTimer.h">
      <Filter>Core\Object\timer</Filter>
    </ClInclude>
    <ClInclude Include="cAnimation.h">
      <Filter>Core\Object\animation</Filter>
    </ClInclude>
    <ClInclude Include="cCameraManager.h">
      <Filter>Core\Manager\camera</Filter>
    </ClInclude>
    <ClInclude Include="cEffect.h">
      <Filter>Core\Object\effect</Filter>
    </ClInclude>
    <ClInclude Include="cLoadScene.h">
      <Filter>Core\scene\load</Filter>
    </ClInclude>
    <ClInclude Include="cTitleScene.h">
      <Filter>Core\scene\title</Filter>
    </ClInclude>
    <ClInclude Include="cStageOne.h">
      <Filter>Core\scene\ingame\stageOne</Filter>
    </ClInclude>
    <ClInclude Include="cImage.h">
      <Filter>Core\Manager\image\image</Filter>
    </ClInclude>
    <ClInclude Include="cScroolMap.h">
      <Filter>Core\Object\scrool</Filter>
    </ClInclude>
    <ClInclude Include="cGameManager.h">
      <Filter>Core\Manager\game</Filter>
    </ClInclude>
    <ClInclude Include="cEffectManager.h">
      <Filter>Core\Manager\effect</Filter>
    </ClInclude>
    <ClInclude Include="cObjectManager.h">
      <Filter>Core\Manager\object</Filter>
    </ClInclude>
    <ClInclude Include="cObject.h">
      <Filter>Core\Object\_object</Filter>
    </ClInclude>
    <ClInclude Include="cPlayer.h">
      <Filter>Core\Object\player</Filter>
    </ClInclude>
    <ClInclude Include="cBulletManager.h">
      <Filter>Core\Object\bullet\manager</Filter>
    </ClInclude>
    <ClInclude Include="cBullet.h">
      <Filter>Core\Object\bullet\bullet</Filter>
    </ClInclude>
    <ClInclude Include="cUI.h">
      <Filter>Core\Manager\ui\ui</Filter>
    </ClInclude>
    <ClInclude Include="cIngameUI.h">
      <Filter>Core\Manager\ui\ingameUI</Filter>
    </ClInclude>
    <ClInclude Include="cUIManager.h">
      <Filter>Core\Manager\ui\manager</Filter>
    </ClInclude>
    <ClInclude Include="cEnemyManager.h">
      <Filter>Core\Object\enemy\manager</Filter>
    </ClInclude>
    <ClInclude Include="cEnemy.h">
      <Filter>Core\Object\enemy\_enemy</Filter>
    </ClInclude>
    <ClInclude Include="cMeteor.h">
      <Filter>Core\Object\enemy\_4meteor</Filter>
    </ClInclude>
    <ClInclude Include="math.h">
      <Filter>stdafx\math</Filter>
    </ClInclude>
    <ClInclude Include="collision.h">
      <Filter>stdafx\collision</Filter>
    </ClInclude>
    <ClInclude Include="cGameOverScene.h">
      <Filter>Core\scene\gameOver</Filter>
    </ClInclude>
    <ClInclude Include="cTitleUI.h">
      <Filter>Core\Manager\ui\titleUI</Filter>
    </ClInclude>
    <ClInclude Include="cButton.h">
      <Filter>Core\Object\button</Filter>
    </ClInclude>
    <ClInclude Include="cPath.h">
      <Filter>Core\Object\path</Filter>
    </ClInclude>
    <ClInclude Include="cRazer.h">
      <Filter>Core\Object\enemy\_1razer</Filter>
    </ClInclude>
    <ClInclude Include="cStraight.h">
      <Filter>Core\Object\enemy\_0straight</Filter>
    </ClInclude>
    <ClInclude Include="cRadial.h">
      <Filter>Core\Object\enemy\_2radial</Filter>
    </ClInclude>
    <ClInclude Include="cRotate.h">
      <Filter>Core\Object\enemy\_3rotate</Filter>
    </ClInclude>
    <ClInclude Include="cItem.h">
      <Filter>Core\Object\item\item</Filter>
    </ClInclude>
    <ClInclude Include="cItemManager.h">
      <Filter>Core\Object\item\manager</Filter>
    </ClInclude>
  </ItemGroup>
  <ItemGroup>
  </ItemGroup>
</Project>